
Microsoft Visual Studio Solution File, Format Version 12.00
# Visual Studio 15
Project("{FAE04EC0-301F-11D3-BF4B-00C04F79EFBC}") = "Odin", "Odin.csproj", "{F6F8462C-1CE0-9CDB-5165-D152AE6E6D24}"
EndProject
Project("{FAE04EC0-301F-11D3-BF4B-00C04F79EFBC}") = "Unity.Addressables.Editor", "Unity.Addressables.Editor.csproj", "{845BB783-0ED9-5C17-DB65-DBFC19C6C355}"
EndProject
Project("{FAE04EC0-301F-11D3-BF4B-00C04F79EFBC}") = "UniTask", "UniTask.csproj", "{167D465B-0E13-948C-F057-45AAC4687EC5}"
EndProject
Project("{FAE04EC0-301F-11D3-BF4B-00C04F79EFBC}") = "Unity.ResourceManager.Tests", "Unity.ResourceManager.Tests.csproj", "{4304BAC8-C893-CBC8-97C9-A8523AD5F1E4}"
EndProject
Project("{FAE04EC0-301F-11D3-BF4B-00C04F79EFBC}") = "UniTask.Linq", "UniTask.Linq.csproj", "{09187909-13CB-AD56-B5BA-9CA5AE0B6D31}"
EndProject
Project("{FAE04EC0-301F-11D3-BF4B-00C04F79EFBC}") = "UniRx", "UniRx.csproj", "{9E7759AF-8377-6475-7D30-7FFF8F50A69F}"
EndProject
Project("{FAE04EC0-301F-11D3-BF4B-00C04F79EFBC}") = "Assembly-CSharp", "Assembly-CSharp.csproj", "{0579FB95-AFF7-D28B-1451-BB6E9DEDBD4B}"
EndProject
Project("{FAE04EC0-301F-11D3-BF4B-00C04F79EFBC}") = "Unity.Addressables.Editor.Tests", "Unity.Addressables.Editor.Tests.csproj", "{5C3A7F49-EC1F-0758-3FA0-4D626DC9837F}"
EndProject
Project("{FAE04EC0-301F-11D3-BF4B-00C04F79EFBC}") = "Unity.ResourceManager", "Unity.ResourceManager.csproj", "{4F50181F-4E0F-2F95-2CEC-616F76249CDA}"
EndProject
Project("{FAE04EC0-301F-11D3-BF4B-00C04F79EFBC}") = "ZString", "ZString.csproj", "{8904C3E6-0032-9BE7-A1B8-9C34668B6666}"
EndProject
Project("{FAE04EC0-301F-11D3-BF4B-00C04F79EFBC}") = "Unity.Addressables", "Unity.Addressables.csproj", "{EF67D40A-DFE5-B256-A4CC-42D2584F6B23}"
EndProject
Project("{FAE04EC0-301F-11D3-BF4B-00C04F79EFBC}") = "Unity.Addressables.Tests", "Unity.Addressables.Tests.csproj", "{A10858E9-D977-7403-48D5-460A0D88A6F6}"
EndProject
Project("{FAE04EC0-301F-11D3-BF4B-00C04F79EFBC}") = "UniTask.Editor", "UniTask.Editor.csproj", "{00C5B72B-798A-2EAC-0ED3-EEF86FA8674A}"
EndProject
Project("{FAE04EC0-301F-11D3-BF4B-00C04F79EFBC}") = "Assembly-CSharp-Editor", "Assembly-CSharp-Editor.csproj", "{9C67C48D-904D-E5E3-7667-8B1910ABF78E}"
EndProject
Project("{FAE04EC0-301F-11D3-BF4B-00C04F79EFBC}") = "UniTask.TextMeshPro", "UniTask.TextMeshPro.csproj", "{2A173842-B5FD-EA75-B2C2-ED1E7EDB2B75}"
EndProject
Project("{FAE04EC0-301F-11D3-BF4B-00C04F79EFBC}") = "UniTask.DOTween", "UniTask.DOTween.csproj", "{C1843C9C-B583-F7BA-E065-1D5BB8BAB458}"
EndProject
Project("{FAE04EC0-301F-11D3-BF4B-00C04F79EFBC}") = "UniTask.Addressables", "UniTask.Addressables.csproj", "{4FB73FE0-1784-AFAB-B109-20D48138D25E}"
EndProject
Global
	GlobalSection(SolutionConfigurationPlatforms) = preSolution
		Debug|Any CPU = Debug|Any CPU
		Release|Any CPU = Release|Any CPU
	EndGlobalSection
	GlobalSection(ProjectConfigurationPlatforms) = postSolution
		{F6F8462C-1CE0-9CDB-5165-D152AE6E6D24}.Debug|Any CPU.ActiveCfg = Debug|Any CPU
		{F6F8462C-1CE0-9CDB-5165-D152AE6E6D24}.Debug|Any CPU.Build.0 = Debug|Any CPU
		{F6F8462C-1CE0-9CDB-5165-D152AE6E6D24}.Release|Any CPU.ActiveCfg = Release|Any CPU
		{F6F8462C-1CE0-9CDB-5165-D152AE6E6D24}.Release|Any CPU.Build.0 = Release|Any CPU
		{845BB783-0ED9-5C17-DB65-DBFC19C6C355}.Debug|Any CPU.ActiveCfg = Debug|Any CPU
		{845BB783-0ED9-5C17-DB65-DBFC19C6C355}.Debug|Any CPU.Build.0 = Debug|Any CPU
		{845BB783-0ED9-5C17-DB65-DBFC19C6C355}.Release|Any CPU.ActiveCfg = Release|Any CPU
		{845BB783-0ED9-5C17-DB65-DBFC19C6C355}.Release|Any CPU.Build.0 = Release|Any CPU
		{167D465B-0E13-948C-F057-45AAC4687EC5}.Debug|Any CPU.ActiveCfg = Debug|Any CPU
		{167D465B-0E13-948C-F057-45AAC4687EC5}.Debug|Any CPU.Build.0 = Debug|Any CPU
		{167D465B-0E13-948C-F057-45AAC4687EC5}.Release|Any CPU.ActiveCfg = Release|Any CPU
		{167D465B-0E13-948C-F057-45AAC4687EC5}.Release|Any CPU.Build.0 = Release|Any CPU
		{4304BAC8-C893-CBC8-97C9-A8523AD5F1E4}.Debug|Any CPU.ActiveCfg = Debug|Any CPU
		{4304BAC8-C893-CBC8-97C9-A8523AD5F1E4}.Debug|Any CPU.Build.0 = Debug|Any CPU
		{4304BAC8-C893-CBC8-97C9-A8523AD5F1E4}.Release|Any CPU.ActiveCfg = Release|Any CPU
		{4304BAC8-C893-CBC8-97C9-A8523AD5F1E4}.Release|Any CPU.Build.0 = Release|Any CPU
		{09187909-13CB-AD56-B5BA-9CA5AE0B6D31}.Debug|Any CPU.ActiveCfg = Debug|Any CPU
		{09187909-13CB-AD56-B5BA-9CA5AE0B6D31}.Debug|Any CPU.Build.0 = Debug|Any CPU
		{09187909-13CB-AD56-B5BA-9CA5AE0B6D31}.Release|Any CPU.ActiveCfg = Release|Any CPU
		{09187909-13CB-AD56-B5BA-9CA5AE0B6D31}.Release|Any CPU.Build.0 = Release|Any CPU
		{9E7759AF-8377-6475-7D30-7FFF8F50A69F}.Debug|Any CPU.ActiveCfg = Debug|Any CPU
		{9E7759AF-8377-6475-7D30-7FFF8F50A69F}.Debug|Any CPU.Build.0 = Debug|Any CPU
		{9E7759AF-8377-6475-7D30-7FFF8F50A69F}.Release|Any CPU.ActiveCfg = Release|Any CPU
		{9E7759AF-8377-6475-7D30-7FFF8F50A69F}.Release|Any CPU.Build.0 = Release|Any CPU
		{0579FB95-AFF7-D28B-1451-BB6E9DEDBD4B}.Debug|Any CPU.ActiveCfg = Debug|Any CPU
		{0579FB95-AFF7-D28B-1451-BB6E9DEDBD4B}.Debug|Any CPU.Build.0 = Debug|Any CPU
		{0579FB95-AFF7-D28B-1451-BB6E9DEDBD4B}.Release|Any CPU.ActiveCfg = Release|Any CPU
		{0579FB95-AFF7-D28B-1451-BB6E9DEDBD4B}.Release|Any CPU.Build.0 = Release|Any CPU
		{5C3A7F49-EC1F-0758-3FA0-4D626DC9837F}.Debug|Any CPU.ActiveCfg = Debug|Any CPU
		{5C3A7F49-EC1F-0758-3FA0-4D626DC9837F}.Debug|Any CPU.Build.0 = Debug|Any CPU
		{5C3A7F49-EC1F-0758-3FA0-4D626DC9837F}.Release|Any CPU.ActiveCfg = Release|Any CPU
		{5C3A7F49-EC1F-0758-3FA0-4D626DC9837F}.Release|Any CPU.Build.0 = Release|Any CPU
		{4F50181F-4E0F-2F95-2CEC-616F76249CDA}.Debug|Any CPU.ActiveCfg = Debug|Any CPU
		{4F50181F-4E0F-2F95-2CEC-616F76249CDA}.Debug|Any CPU.Build.0 = Debug|Any CPU
		{4F50181F-4E0F-2F95-2CEC-616F76249CDA}.Release|Any CPU.ActiveCfg = Release|Any CPU
		{4F50181F-4E0F-2F95-2CEC-616F76249CDA}.Release|Any CPU.Build.0 = Release|Any CPU
		{8904C3E6-0032-9BE7-A1B8-9C34668B6666}.Debug|Any CPU.ActiveCfg = Debug|Any CPU
		{8904C3E6-0032-9BE7-A1B8-9C34668B6666}.Debug|Any CPU.Build.0 = Debug|Any CPU
		{8904C3E6-0032-9BE7-A1B8-9C34668B6666}.Release|Any CPU.ActiveCfg = Release|Any CPU
		{8904C3E6-0032-9BE7-A1B8-9C34668B6666}.Release|Any CPU.Build.0 = Release|Any CPU
		{EF67D40A-DFE5-B256-A4CC-42D2584F6B23}.Debug|Any CPU.ActiveCfg = Debug|Any CPU
		{EF67D40A-DFE5-B256-A4CC-42D2584F6B23}.Debug|Any CPU.Build.0 = Debug|Any CPU
		{EF67D40A-DFE5-B256-A4CC-42D2584F6B23}.Release|Any CPU.ActiveCfg = Release|Any CPU
		{EF67D40A-DFE5-B256-A4CC-42D2584F6B23}.Release|Any CPU.Build.0 = Release|Any CPU
		{A10858E9-D977-7403-48D5-460A0D88A6F6}.Debug|Any CPU.ActiveCfg = Debug|Any CPU
		{A10858E9-D977-7403-48D5-460A0D88A6F6}.Debug|Any CPU.Build.0 = Debug|Any CPU
		{A10858E9-D977-7403-48D5-460A0D88A6F6}.Release|Any CPU.ActiveCfg = Release|Any CPU
		{A10858E9-D977-7403-48D5-460A0D88A6F6}.Release|Any CPU.Build.0 = Release|Any CPU
		{00C5B72B-798A-2EAC-0ED3-EEF86FA8674A}.Debug|Any CPU.ActiveCfg = Debug|Any CPU
		{00C5B72B-798A-2EAC-0ED3-EEF86FA8674A}.Debug|Any CPU.Build.0 = Debug|Any CPU
		{00C5B72B-798A-2EAC-0ED3-EEF86FA8674A}.Release|Any CPU.ActiveCfg = Release|Any CPU
		{00C5B72B-798A-2EAC-0ED3-EEF86FA8674A}.Release|Any CPU.Build.0 = Release|Any CPU
		{9C67C48D-904D-E5E3-7667-8B1910ABF78E}.Debug|Any CPU.ActiveCfg = Debug|Any CPU
		{9C67C48D-904D-E5E3-7667-8B1910ABF78E}.Debug|Any CPU.Build.0 = Debug|Any CPU
		{9C67C48D-904D-E5E3-7667-8B1910ABF78E}.Release|Any CPU.ActiveCfg = Release|Any CPU
		{9C67C48D-904D-E5E3-7667-8B1910ABF78E}.Release|Any CPU.Build.0 = Release|Any CPU
		{2A173842-B5FD-EA75-B2C2-ED1E7EDB2B75}.Debug|Any CPU.ActiveCfg = Debug|Any CPU
		{2A173842-B5FD-EA75-B2C2-ED1E7EDB2B75}.Debug|Any CPU.Build.0 = Debug|Any CPU
		{2A173842-B5FD-EA75-B2C2-ED1E7EDB2B75}.Release|Any CPU.ActiveCfg = Release|Any CPU
		{2A173842-B5FD-EA75-B2C2-ED1E7EDB2B75}.Release|Any CPU.Build.0 = Release|Any CPU
		{C1843C9C-B583-F7BA-E065-1D5BB8BAB458}.Debug|Any CPU.ActiveCfg = Debug|Any CPU
		{C1843C9C-B583-F7BA-E065-1D5BB8BAB458}.Debug|Any CPU.Build.0 = Debug|Any CPU
		{C1843C9C-B583-F7BA-E065-1D5BB8BAB458}.Release|Any CPU.ActiveCfg = Release|Any CPU
		{C1843C9C-B583-F7BA-E065-1D5BB8BAB458}.Release|Any CPU.Build.0 = Release|Any CPU
		{4FB73FE0-1784-AFAB-B109-20D48138D25E}.Debug|Any CPU.ActiveCfg = Debug|Any CPU
		{4FB73FE0-1784-AFAB-B109-20D48138D25E}.Debug|Any CPU.Build.0 = Debug|Any CPU
		{4FB73FE0-1784-AFAB-B109-20D48138D25E}.Release|Any CPU.ActiveCfg = Release|Any CPU
		{4FB73FE0-1784-AFAB-B109-20D48138D25E}.Release|Any CPU.Build.0 = Release|Any CPU
	EndGlobalSection
	GlobalSection(SolutionProperties) = preSolution
		HideSolutionNode = FALSE
	EndGlobalSection
EndGlobal
