
Microsoft Visual Studio Solution File, Format Version 12.00
# Visual Studio Version 17
VisualStudioVersion = 17.8.34330.188
MinimumVisualStudioVersion = 10.0.40219.1
Project("{9A19103F-16F7-4668-BE54-9A1E7A4F7556}") = "HttpServer", "HttpServer\HttpServer.csproj", "{82CB6E86-F1E9-4DDF-8AA5-C93DB2EA6A26}"
EndProject
Project("{FAE04EC0-301F-11D3-BF4B-00C04F79EFBC}") = "SocketServer", "SocketServer\SocketServer.csproj", "{FA9EA8A4-57D3-4EB3-A525-2A8792B841A0}"
EndProject
Global
	GlobalSection(SolutionConfigurationPlatforms) = preSolution
		Debug|Any CPU = Debug|Any CPU
		Release|Any CPU = Release|Any CPU
	EndGlobalSection
	GlobalSection(ProjectConfigurationPlatforms) = postSolution
		{82CB6E86-F1E9-4DDF-8AA5-C93DB2EA6A26}.Debug|Any CPU.ActiveCfg = Debug|Any CPU
		{82CB6E86-F1E9-4DDF-8AA5-C93DB2EA6A26}.Debug|Any CPU.Build.0 = Debug|Any CPU
		{82CB6E86-F1E9-4DDF-8AA5-C93DB2EA6A26}.Release|Any CPU.ActiveCfg = Release|Any CPU
		{82CB6E86-F1E9-4DDF-8AA5-C93DB2EA6A26}.Release|Any CPU.Build.0 = Release|Any CPU
		{FA9EA8A4-57D3-4EB3-A525-2A8792B841A0}.Debug|Any CPU.ActiveCfg = Debug|Any CPU
		{FA9EA8A4-57D3-4EB3-A525-2A8792B841A0}.Debug|Any CPU.Build.0 = Debug|Any CPU
		{FA9EA8A4-57D3-4EB3-A525-2A8792B841A0}.Release|Any CPU.ActiveCfg = Release|Any CPU
		{FA9EA8A4-57D3-4EB3-A525-2A8792B841A0}.Release|Any CPU.Build.0 = Release|Any CPU
	EndGlobalSection
	GlobalSection(SolutionProperties) = preSolution
		HideSolutionNode = FALSE
	EndGlobalSection
	GlobalSection(ExtensibilityGlobals) = postSolution
		SolutionGuid = {C6DF6FAC-84E8-4C8A-B5FA-613D8F4771FD}
	EndGlobalSection
EndGlobal
